// !$*UTF8*$!
{
	archiveVersion = 1;
	classes = {
	};
	objectVersion = 55;
	objects = {

/* Begin PBXBuildFile section */
		FA42562A28D762300007EF07 /* HomeView.swift in Sources */ = {isa = PBXBuildFile; fileRef = FAC733D828D75D2200BED611 /* HomeView.swift */; };
		FA97027128D76743002B499E /* BusinessList.swift in Sources */ = {isa = PBXBuildFile; fileRef = FA97027028D76743002B499E /* BusinessList.swift */; };
		FA97027328D866C3002B499E /* BusinessSection.swift in Sources */ = {isa = PBXBuildFile; fileRef = FA97027228D866C3002B499E /* BusinessSection.swift */; };
		FA97027528D866DE002B499E /* BusinessSectionHeader.swift in Sources */ = {isa = PBXBuildFile; fileRef = FA97027428D866DE002B499E /* BusinessSectionHeader.swift */; };
		FAC733BB28D0964000BED611 /* CitySightsApp.swift in Sources */ = {isa = PBXBuildFile; fileRef = FAC733BA28D0964000BED611 /* CitySightsApp.swift */; };
		FAC733BD28D0964000BED611 /* LaunchView.swift in Sources */ = {isa = PBXBuildFile; fileRef = FAC733BC28D0964000BED611 /* LaunchView.swift */; };
		FAC733BF28D0964300BED611 /* Assets.xcassets in Resources */ = {isa = PBXBuildFile; fileRef = FAC733BE28D0964300BED611 /* Assets.xcassets */; };
		FAC733C228D0964300BED611 /* Preview Assets.xcassets in Resources */ = {isa = PBXBuildFile; fileRef = FAC733C128D0964300BED611 /* Preview Assets.xcassets */; };
		FAC733CC28D09C5800BED611 /* ContentModel.swift in Sources */ = {isa = PBXBuildFile; fileRef = FAC733CB28D09C5800BED611 /* ContentModel.swift */; };
		FAC733CF28D4A2D500BED611 /* Business.swift in Sources */ = {isa = PBXBuildFile; fileRef = FAC733CE28D4A2D500BED611 /* Business.swift */; };
		FAC733D128D4A5A700BED611 /* BusinessSearch.swift in Sources */ = {isa = PBXBuildFile; fileRef = FAC733D028D4A5A700BED611 /* BusinessSearch.swift */; };
		FAC733D428D754B300BED611 /* Constants.swift in Sources */ = {isa = PBXBuildFile; fileRef = FAC733D328D754B200BED611 /* Constants.swift */; };
		FAED344328D88097006AF7F0 /* BusinessRow.swift in Sources */ = {isa = PBXBuildFile; fileRef = FAED344228D88097006AF7F0 /* BusinessRow.swift */; };
		FAED344628D8A68D006AF7F0 /* BusinessDetail.swift in Sources */ = {isa = PBXBuildFile; fileRef = FAED344528D8A68D006AF7F0 /* BusinessDetail.swift */; };
/* End PBXBuildFile section */

/* Begin PBXFileReference section */
		FA97027028D76743002B499E /* BusinessList.swift */ = {isa = PBXFileReference; lastKnownFileType = sourcecode.swift; path = BusinessList.swift; sourceTree = "<group>"; };
		FA97027228D866C3002B499E /* BusinessSection.swift */ = {isa = PBXFileReference; lastKnownFileType = sourcecode.swift; path = BusinessSection.swift; sourceTree = "<group>"; };
		FA97027428D866DE002B499E /* BusinessSectionHeader.swift */ = {isa = PBXFileReference; lastKnownFileType = sourcecode.swift; path = BusinessSectionHeader.swift; sourceTree = "<group>"; };
		FAC733B728D0964000BED611 /* CitySightsApp.app */ = {isa = PBXFileReference; explicitFileType = wrapper.application; includeInIndex = 0; path = CitySightsApp.app; sourceTree = BUILT_PRODUCTS_DIR; };
		FAC733BA28D0964000BED611 /* CitySightsApp.swift */ = {isa = PBXFileReference; lastKnownFileType = sourcecode.swift; path = CitySightsApp.swift; sourceTree = "<group>"; };
		FAC733BC28D0964000BED611 /* LaunchView.swift */ = {isa = PBXFileReference; lastKnownFileType = sourcecode.swift; path = LaunchView.swift; sourceTree = "<group>"; };
		FAC733BE28D0964300BED611 /* Assets.xcassets */ = {isa = PBXFileReference; lastKnownFileType = folder.assetcatalog; path = Assets.xcassets; sourceTree = "<group>"; };
		FAC733C128D0964300BED611 /* Preview Assets.xcassets */ = {isa = PBXFileReference; lastKnownFileType = folder.assetcatalog; path = "Preview Assets.xcassets"; sourceTree = "<group>"; };
		FAC733CB28D09C5800BED611 /* ContentModel.swift */ = {isa = PBXFileReference; lastKnownFileType = sourcecode.swift; path = ContentModel.swift; sourceTree = "<group>"; };
		FAC733CD28D09E5A00BED611 /* Info.plist */ = {isa = PBXFileReference; lastKnownFileType = text.plist; path = Info.plist; sourceTree = "<group>"; };
		FAC733CE28D4A2D500BED611 /* Business.swift */ = {isa = PBXFileReference; lastKnownFileType = sourcecode.swift; path = Business.swift; sourceTree = "<group>"; };
		FAC733D028D4A5A700BED611 /* BusinessSearch.swift */ = {isa = PBXFileReference; lastKnownFileType = sourcecode.swift; path = BusinessSearch.swift; sourceTree = "<group>"; };
		FAC733D328D754B200BED611 /* Constants.swift */ = {isa = PBXFileReference; lastKnownFileType = sourcecode.swift; path = Constants.swift; sourceTree = "<group>"; };
		FAC733D828D75D2200BED611 /* HomeView.swift */ = {isa = PBXFileReference; lastKnownFileType = sourcecode.swift; path = HomeView.swift; sourceTree = "<group>"; };
		FAED344228D88097006AF7F0 /* BusinessRow.swift */ = {isa = PBXFileReference; lastKnownFileType = sourcecode.swift; path = BusinessRow.swift; sourceTree = "<group>"; };
		FAED344528D8A68D006AF7F0 /* BusinessDetail.swift */ = {isa = PBXFileReference; lastKnownFileType = sourcecode.swift; path = BusinessDetail.swift; sourceTree = "<group>"; };
/* End PBXFileReference section */

/* Begin PBXFrameworksBuildPhase section */
		FAC733B428D0964000BED611 /* Frameworks */ = {
			isa = PBXFrameworksBuildPhase;
			buildActionMask = 2147483647;
			files = (
			);
			runOnlyForDeploymentPostprocessing = 0;
		};
/* End PBXFrameworksBuildPhase section */

/* Begin PBXGroup section */
		FA97026F28D76717002B499E /* List */ = {
			isa = PBXGroup;
			children = (
				FAED344428D8A650006AF7F0 /* Detail */,
				FA97027028D76743002B499E /* BusinessList.swift */,
				FA97027228D866C3002B499E /* BusinessSection.swift */,
				FA97027428D866DE002B499E /* BusinessSectionHeader.swift */,
				FAED344228D88097006AF7F0 /* BusinessRow.swift */,
			);
			path = List;
			sourceTree = "<group>";
		};
		FAC733AE28D0963F00BED611 = {
			isa = PBXGroup;
			children = (
				FAC733B928D0964000BED611 /* CitySightsApp */,
				FAC733B828D0964000BED611 /* Products */,
			);
			sourceTree = "<group>";
		};
		FAC733B828D0964000BED611 /* Products */ = {
			isa = PBXGroup;
			children = (
				FAC733B728D0964000BED611 /* CitySightsApp.app */,
			);
			name = Products;
			sourceTree = "<group>";
		};
		FAC733B928D0964000BED611 /* CitySightsApp */ = {
			isa = PBXGroup;
			children = (
				FAC733BA28D0964000BED611 /* CitySightsApp.swift */,
				FAC733C828D0997700BED611 /* Views */,
				FAC733C928D0997F00BED611 /* ViewModels */,
				FAC733CA28D0999100BED611 /* Models */,
				FAC733D228D7548A00BED611 /* Helpers */,
				FAC733BE28D0964300BED611 /* Assets.xcassets */,
				FAC733CD28D09E5A00BED611 /* Info.plist */,
				FAC733C028D0964300BED611 /* Preview Content */,
			);
			path = CitySightsApp;
			sourceTree = "<group>";
		};
		FAC733C028D0964300BED611 /* Preview Content */ = {
			isa = PBXGroup;
			children = (
				FAC733C128D0964300BED611 /* Preview Assets.xcassets */,
			);
			path = "Preview Content";
			sourceTree = "<group>";
		};
		FAC733C828D0997700BED611 /* Views */ = {
			isa = PBXGroup;
			children = (
				FAC733BC28D0964000BED611 /* LaunchView.swift */,
				FAC733D728D75D1100BED611 /* Home */,
				FAC733D628D75D0000BED611 /* Denied */,
				FAC733D528D75CF300BED611 /* Onboarding */,
			);
			path = Views;
			sourceTree = "<group>";
		};
		FAC733C928D0997F00BED611 /* ViewModels */ = {
			isa = PBXGroup;
			children = (
				FAC733CB28D09C5800BED611 /* ContentModel.swift */,
			);
			path = ViewModels;
			sourceTree = "<group>";
		};
		FAC733CA28D0999100BED611 /* Models */ = {
			isa = PBXGroup;
			children = (
				FAC733CE28D4A2D500BED611 /* Business.swift */,
				FAC733D028D4A5A700BED611 /* BusinessSearch.swift */,
			);
			path = Models;
			sourceTree = "<group>";
		};
		FAC733D228D7548A00BED611 /* Helpers */ = {
			isa = PBXGroup;
			children = (
				FAC733D328D754B200BED611 /* Constants.swift */,
			);
			path = Helpers;
			sourceTree = "<group>";
		};
		FAC733D528D75CF300BED611 /* Onboarding */ = {
			isa = PBXGroup;
			children = (
			);
			path = Onboarding;
			sourceTree = "<group>";
		};
		FAC733D628D75D0000BED611 /* Denied */ = {
			isa = PBXGroup;
			children = (
			);
			path = Denied;
			sourceTree = "<group>";
		};
		FAC733D728D75D1100BED611 /* Home */ = {
			isa = PBXGroup;
			children = (
				FAC733D828D75D2200BED611 /* HomeView.swift */,
				FA97026F28D76717002B499E /* List */,
			);
			path = Home;
			sourceTree = "<group>";
		};
		FAED344428D8A650006AF7F0 /* Detail */ = {
			isa = PBXGroup;
			children = (
				FAED344528D8A68D006AF7F0 /* BusinessDetail.swift */,
			);
			path = Detail;
			sourceTree = "<group>";
		};
/* End PBXGroup section */

/* Begin PBXNativeTarget section */
		FAC733B628D0964000BED611 /* CitySightsApp */ = {
			isa = PBXNativeTarget;
			buildConfigurationList = FAC733C528D0964300BED611 /* Build configuration list for PBXNativeTarget "CitySightsApp" */;
			buildPhases = (
				FAC733B328D0964000BED611 /* Sources */,
				FAC733B428D0964000BED611 /* Frameworks */,
				FAC733B528D0964000BED611 /* Resources */,
			);
			buildRules = (
			);
			dependencies = (
			);
			name = CitySightsApp;
			productName = CitySightsApp;
			productReference = FAC733B728D0964000BED611 /* CitySightsApp.app */;
			productType = "com.apple.product-type.application";
		};
/* End PBXNativeTarget section */

/* Begin PBXProject section */
		FAC733AF28D0963F00BED611 /* Project object */ = {
			isa = PBXProject;
			attributes = {
				BuildIndependentTargetsInParallel = 1;
				LastSwiftUpdateCheck = 1340;
				LastUpgradeCheck = 1340;
				TargetAttributes = {
					FAC733B628D0964000BED611 = {
						CreatedOnToolsVersion = 13.4.1;
					};
				};
			};
			buildConfigurationList = FAC733B228D0963F00BED611 /* Build configuration list for PBXProject "CitySightsApp" */;
			compatibilityVersion = "Xcode 13.0";
			developmentRegion = en;
			hasScannedForEncodings = 0;
			knownRegions = (
				en,
				Base,
			);
			mainGroup = FAC733AE28D0963F00BED611;
			productRefGroup = FAC733B828D0964000BED611 /* Products */;
			projectDirPath = "";
			projectRoot = "";
			targets = (
				FAC733B628D0964000BED611 /* CitySightsApp */,
			);
		};
/* End PBXProject section */

/* Begin PBXResourcesBuildPhase section */
		FAC733B528D0964000BED611 /* Resources */ = {
			isa = PBXResourcesBuildPhase;
			buildActionMask = 2147483647;
			files = (
				FAC733C228D0964300BED611 /* Preview Assets.xcassets in Resources */,
				FAC733BF28D0964300BED611 /* Assets.xcassets in Resources */,
			);
			runOnlyForDeploymentPostprocessing = 0;
		};
/* End PBXResourcesBuildPhase section */

/* Begin PBXSourcesBuildPhase section */
		FAC733B328D0964000BED611 /* Sources */ = {
			isa = PBXSourcesBuildPhase;
			buildActionMask = 2147483647;
			files = (
				FAC733BD28D0964000BED611 /* LaunchView.swift in Sources */,
				FAED344328D88097006AF7F0 /* BusinessRow.swift in Sources */,
				FA97027328D866C3002B499E /* BusinessSection.swift in Sources */,
				FA97027528D866DE002B499E /* BusinessSectionHeader.swift in Sources */,
				FA42562A28D762300007EF07 /* HomeView.swift in Sources */,
				FAC733CF28D4A2D500BED611 /* Business.swift in Sources */,
				FAED344628D8A68D006AF7F0 /* BusinessDetail.swift in Sources */,
				FAC733BB28D0964000BED611 /* CitySightsApp.swift in Sources */,
				FAC733D128D4A5A700BED611 /* BusinessSearch.swift in Sources */,
				FA97027128D76743002B499E /* BusinessList.swift in Sources */,
				FAC733CC28D09C5800BED611 /* ContentModel.swift in Sources */,
				FAC733D428D754B300BED611 /* Constants.swift in Sources */,
			);
			runOnlyForDeploymentPostprocessing = 0;
		};
/* End PBXSourcesBuildPhase section */

/* Begin XCBuildConfiguration section */
		FAC733C328D0964300BED611 /* Debug */ = {
			isa = XCBuildConfiguration;
			buildSettings = {
				ALWAYS_SEARCH_USER_PATHS = NO;
				CLANG_ANALYZER_NONNULL = YES;
				CLANG_ANALYZER_NUMBER_OBJECT_CONVERSION = YES_AGGRESSIVE;
				CLANG_CXX_LANGUAGE_STANDARD = "gnu++17";
				CLANG_ENABLE_MODULES = YES;
				CLANG_ENABLE_OBJC_ARC = YES;
				CLANG_ENABLE_OBJC_WEAK = YES;
				CLANG_WARN_BLOCK_CAPTURE_AUTORELEASING = YES;
				CLANG_WARN_BOOL_CONVERSION = YES;
				CLANG_WARN_COMMA = YES;
				CLANG_WARN_CONSTANT_CONVERSION = YES;
				CLANG_WARN_DEPRECATED_OBJC_IMPLEMENTATIONS = YES;
				CLANG_WARN_DIRECT_OBJC_ISA_USAGE = YES_ERROR;
				CLANG_WARN_DOCUMENTATION_COMMENTS = YES;
				CLANG_WARN_EMPTY_BODY = YES;
				CLANG_WARN_ENUM_CONVERSION = YES;
				CLANG_WARN_INFINITE_RECURSION = YES;
				CLANG_WARN_INT_CONVERSION = YES;
				CLANG_WARN_NON_LITERAL_NULL_CONVERSION = YES;
				CLANG_WARN_OBJC_IMPLICIT_RETAIN_SELF = YES;
				CLANG_WARN_OBJC_LITERAL_CONVERSION = YES;
				CLANG_WARN_OBJC_ROOT_CLASS = YES_ERROR;
				CLANG_WARN_QUOTED_INCLUDE_IN_FRAMEWORK_HEADER = YES;
				CLANG_WARN_RANGE_LOOP_ANALYSIS = YES;
				CLANG_WARN_STRICT_PROTOTYPES = YES;
				CLANG_WARN_SUSPICIOUS_MOVE = YES;
				CLANG_WARN_UNGUARDED_AVAILABILITY = YES_AGGRESSIVE;
				CLANG_WARN_UNREACHABLE_CODE = YES;
				CLANG_WARN__DUPLICATE_METHOD_MATCH = YES;
				COPY_PHASE_STRIP = NO;
				DEBUG_INFORMATION_FORMAT = dwarf;
				ENABLE_STRICT_OBJC_MSGSEND = YES;
				ENABLE_TESTABILITY = YES;
				GCC_C_LANGUAGE_STANDARD = gnu11;
				GCC_DYNAMIC_NO_PIC = NO;
				GCC_NO_COMMON_BLOCKS = YES;
				GCC_OPTIMIZATION_LEVEL = 0;
				GCC_PREPROCESSOR_DEFINITIONS = (
					"DEBUG=1",
					"$(inherited)",
				);
				GCC_WARN_64_TO_32_BIT_CONVERSION = YES;
				GCC_WARN_ABOUT_RETURN_TYPE = YES_ERROR;
				GCC_WARN_UNDECLARED_SELECTOR = YES;
				GCC_WARN_UNINITIALIZED_AUTOS = YES_AGGRESSIVE;
				GCC_WARN_UNUSED_FUNCTION = YES;
				GCC_WARN_UNUSED_VARIABLE = YES;
				IPHONEOS_DEPLOYMENT_TARGET = 15.5;
				MTL_ENABLE_DEBUG_INFO = INCLUDE_SOURCE;
				MTL_FAST_MATH = YES;
				ONLY_ACTIVE_ARCH = YES;
				SDKROOT = iphoneos;
				SWIFT_ACTIVE_COMPILATION_CONDITIONS = DEBUG;
				SWIFT_OPTIMIZATION_LEVEL = "-Onone";
			};
			name = Debug;
		};
		FAC733C428D0964300BED611 /* Release */ = {
			isa = XCBuildConfiguration;
			buildSettings = {
				ALWAYS_SEARCH_USER_PATHS = NO;
				CLANG_ANALYZER_NONNULL = YES;
				CLANG_ANALYZER_NUMBER_OBJECT_CONVERSION = YES_AGGRESSIVE;
				CLANG_CXX_LANGUAGE_STANDARD = "gnu++17";
				CLANG_ENABLE_MODULES = YES;
				CLANG_ENABLE_OBJC_ARC = YES;
				CLANG_ENABLE_OBJC_WEAK = YES;
				CLANG_WARN_BLOCK_CAPTURE_AUTORELEASING = YES;
				CLANG_WARN_BOOL_CONVERSION = YES;
				CLANG_WARN_COMMA = YES;
				CLANG_WARN_CONSTANT_CONVERSION = YES;
				CLANG_WARN_DEPRECATED_OBJC_IMPLEMENTATIONS = YES;
				CLANG_WARN_DIRECT_OBJC_ISA_USAGE = YES_ERROR;
				CLANG_WARN_DOCUMENTATION_COMMENTS = YES;
				CLANG_WARN_EMPTY_BODY = YES;
				CLANG_WARN_ENUM_CONVERSION = YES;
				CLANG_WARN_INFINITE_RECURSION = YES;
				CLANG_WARN_INT_CONVERSION = YES;
				CLANG_WARN_NON_LITERAL_NULL_CONVERSION = YES;
				CLANG_WARN_OBJC_IMPLICIT_RETAIN_SELF = YES;
				CLANG_WARN_OBJC_LITERAL_CONVERSION = YES;
				CLANG_WARN_OBJC_ROOT_CLASS = YES_ERROR;
				CLANG_WARN_QUOTED_INCLUDE_IN_FRAMEWORK_HEADER = YES;
				CLANG_WARN_RANGE_LOOP_ANALYSIS = YES;
				CLANG_WARN_STRICT_PROTOTYPES = YES;
				CLANG_WARN_SUSPICIOUS_MOVE = YES;
				CLANG_WARN_UNGUARDED_AVAILABILITY = YES_AGGRESSIVE;
				CLANG_WARN_UNREACHABLE_CODE = YES;
				CLANG_WARN__DUPLICATE_METHOD_MATCH = YES;
				COPY_PHASE_STRIP = NO;
				DEBUG_INFORMATION_FORMAT = "dwarf-with-dsym";
				ENABLE_NS_ASSERTIONS = NO;
				ENABLE_STRICT_OBJC_MSGSEND = YES;
				GCC_C_LANGUAGE_STANDARD = gnu11;
				GCC_NO_COMMON_BLOCKS = YES;
				GCC_WARN_64_TO_32_BIT_CONVERSION = YES;
				GCC_WARN_ABOUT_RETURN_TYPE = YES_ERROR;
				GCC_WARN_UNDECLARED_SELECTOR = YES;
				GCC_WARN_UNINITIALIZED_AUTOS = YES_AGGRESSIVE;
				GCC_WARN_UNUSED_FUNCTION = YES;
				GCC_WARN_UNUSED_VARIABLE = YES;
				IPHONEOS_DEPLOYMENT_TARGET = 15.5;
				MTL_ENABLE_DEBUG_INFO = NO;
				MTL_FAST_MATH = YES;
				SDKROOT = iphoneos;
				SWIFT_COMPILATION_MODE = wholemodule;
				SWIFT_OPTIMIZATION_LEVEL = "-O";
				VALIDATE_PRODUCT = YES;
			};
			name = Release;
		};
		FAC733C628D0964300BED611 /* Debug */ = {
			isa = XCBuildConfiguration;
			buildSettings = {
				ASSETCATALOG_COMPILER_APPICON_NAME = AppIcon;
				ASSETCATALOG_COMPILER_GLOBAL_ACCENT_COLOR_NAME = AccentColor;
				CODE_SIGN_STYLE = Automatic;
				CURRENT_PROJECT_VERSION = 1;
				DEVELOPMENT_ASSET_PATHS = "\"CitySightsApp/Preview Content\"";
				ENABLE_PREVIEWS = YES;
				GENERATE_INFOPLIST_FILE = YES;
				INFOPLIST_FILE = CitySightsApp/Info.plist;
				INFOPLIST_KEY_UIApplicationSceneManifest_Generation = YES;
				INFOPLIST_KEY_UIApplicationSupportsIndirectInputEvents = YES;
				INFOPLIST_KEY_UILaunchScreen_Generation = YES;
				INFOPLIST_KEY_UISupportedInterfaceOrientations_iPad = "UIInterfaceOrientationPortrait UIInterfaceOrientationPortraitUpsideDown UIInterfaceOrientationLandscapeLeft UIInterfaceOrientationLandscapeRight";
				INFOPLIST_KEY_UISupportedInterfaceOrientations_iPhone = "UIInterfaceOrientationPortrait UIInterfaceOrientationLandscapeLeft UIInterfaceOrientationLandscapeRight";
				LD_RUNPATH_SEARCH_PATHS = (
					"$(inherited)",
					"@executable_path/Frameworks",
				);
				MARKETING_VERSION = 1.0;
				PRODUCT_BUNDLE_IDENTIFIER = "Pavel-Bohomolnyi.CitySightsApp";
				PRODUCT_NAME = "$(TARGET_NAME)";
				SWIFT_EMIT_LOC_STRINGS = YES;
				SWIFT_VERSION = 5.0;
				TARGETED_DEVICE_FAMILY = "1,2";
			};
			name = Debug;
		};
		FAC733C728D0964300BED611 /* Release */ = {
			isa = XCBuildConfiguration;
			buildSettings = {
				ASSETCATALOG_COMPILER_APPICON_NAME = AppIcon;
				ASSETCATALOG_COMPILER_GLOBAL_ACCENT_COLOR_NAME = AccentColor;
				CODE_SIGN_STYLE = Automatic;
				CURRENT_PROJECT_VERSION = 1;
				DEVELOPMENT_ASSET_PATHS = "\"CitySightsApp/Preview Content\"";
				ENABLE_PREVIEWS = YES;
				GENERATE_INFOPLIST_FILE = YES;
				INFOPLIST_FILE = CitySightsApp/Info.plist;
				INFOPLIST_KEY_UIApplicationSceneManifest_Generation = YES;
				INFOPLIST_KEY_UIApplicationSupportsIndirectInputEvents = YES;
				INFOPLIST_KEY_UILaunchScreen_Generation = YES;
				INFOPLIST_KEY_UISupportedInterfaceOrientations_iPad = "UIInterfaceOrientationPortrait UIInterfaceOrientationPortraitUpsideDown UIInterfaceOrientationLandscapeLeft UIInterfaceOrientationLandscapeRight";
				INFOPLIST_KEY_UISupportedInterfaceOrientations_iPhone = "UIInterfaceOrientationPortrait UIInterfaceOrientationLandscapeLeft UIInterfaceOrientationLandscapeRight";
				LD_RUNPATH_SEARCH_PATHS = (
					"$(inherited)",
					"@executable_path/Frameworks",
				);
				MARKETING_VERSION = 1.0;
				PRODUCT_BUNDLE_IDENTIFIER = "Pavel-Bohomolnyi.CitySightsApp";
				PRODUCT_NAME = "$(TARGET_NAME)";
				SWIFT_EMIT_LOC_STRINGS = YES;
				SWIFT_VERSION = 5.0;
				TARGETED_DEVICE_FAMILY = "1,2";
			};
			name = Release;
		};
/* End XCBuildConfiguration section */

/* Begin XCConfigurationList section */
		FAC733B228D0963F00BED611 /* Build configuration list for PBXProject "CitySightsApp" */ = {
			isa = XCConfigurationList;
			buildConfigurations = (
				FAC733C328D0964300BED611 /* Debug */,
				FAC733C428D0964300BED611 /* Release */,
			);
			defaultConfigurationIsVisible = 0;
			defaultConfigurationName = Release;
		};
		FAC733C528D0964300BED611 /* Build configuration list for PBXNativeTarget "CitySightsApp" */ = {
			isa = XCConfigurationList;
			buildConfigurations = (
				FAC733C628D0964300BED611 /* Debug */,
				FAC733C728D0964300BED611 /* Release */,
			);
			defaultConfigurationIsVisible = 0;
			defaultConfigurationName = Release;
		};
/* End XCConfigurationList section */
	};
	rootObject = FAC733AF28D0963F00BED611 /* Project object */;
}
